// !$*UTF8*$!
{
	archiveVersion = 1;
	classes = {
	};
	objectVersion = 51;
	objects = {

/* Begin PBXBuildFile section */
		045EE483261CD34E005B3C8D /* AppDelegate.swift in Sources */ = {isa = PBXBuildFile; fileRef = 045EE482261CD34E005B3C8D /* AppDelegate.swift */; };
		045EE485261CD34E005B3C8D /* SceneDelegate.swift in Sources */ = {isa = PBXBuildFile; fileRef = 045EE484261CD34E005B3C8D /* SceneDelegate.swift */; };
		045EE487261CD34E005B3C8D /* ProductsViewController.swift in Sources */ = {isa = PBXBuildFile; fileRef = 045EE486261CD34E005B3C8D /* ProductsViewController.swift */; };
		045EE48A261CD34E005B3C8D /* Main.storyboard in Resources */ = {isa = PBXBuildFile; fileRef = 045EE488261CD34E005B3C8D /* Main.storyboard */; };
		045EE48C261CD351005B3C8D /* Assets.xcassets in Resources */ = {isa = PBXBuildFile; fileRef = 045EE48B261CD351005B3C8D /* Assets.xcassets */; };
		045EE48F261CD351005B3C8D /* LaunchScreen.storyboard in Resources */ = {isa = PBXBuildFile; fileRef = 045EE48D261CD351005B3C8D /* LaunchScreen.storyboard */; };
		045EE49A261CD352005B3C8D /* RXSwiftDemoAppTests.swift in Sources */ = {isa = PBXBuildFile; fileRef = 045EE499261CD352005B3C8D /* RXSwiftDemoAppTests.swift */; };
		045EE4A5261CD352005B3C8D /* RXSwiftDemoAppUITests.swift in Sources */ = {isa = PBXBuildFile; fileRef = 045EE4A4261CD352005B3C8D /* RXSwiftDemoAppUITests.swift */; };
		045EE4C5261CD698005B3C8D /* Product.swift in Sources */ = {isa = PBXBuildFile; fileRef = 045EE4C4261CD698005B3C8D /* Product.swift */; };
		045EE4CF261CD71C005B3C8D /* ProductViewModel.swift in Sources */ = {isa = PBXBuildFile; fileRef = 045EE4CE261CD71C005B3C8D /* ProductViewModel.swift */; };
		3153CE4E249B80C32CCEF416 /* Pods_RXSwiftDemoApp_RXSwiftDemoAppUITests.framework in Frameworks */ = {isa = PBXBuildFile; fileRef = 9CF788A32088F5ACCF5C0631 /* Pods_RXSwiftDemoApp_RXSwiftDemoAppUITests.framework */; };
		826019E05DF95D81A2C1925A /* Pods_RXSwiftDemoApp.framework in Frameworks */ = {isa = PBXBuildFile; fileRef = 264225521B1E22E0D1C29801 /* Pods_RXSwiftDemoApp.framework */; };
		AC98ED152EBB655EE09838C8 /* Pods_RXSwiftDemoAppTests.framework in Frameworks */ = {isa = PBXBuildFile; fileRef = C10AD551E20AD8E03D5CAA6E /* Pods_RXSwiftDemoAppTests.framework */; };
/* End PBXBuildFile section */

/* Begin PBXContainerItemProxy section */
		045EE496261CD352005B3C8D /* PBXContainerItemProxy */ = {
			isa = PBXContainerItemProxy;
			containerPortal = 045EE477261CD34E005B3C8D /* Project object */;
			proxyType = 1;
			remoteGlobalIDString = 045EE47E261CD34E005B3C8D;
			remoteInfo = RXSwiftDemoApp;
		};
		045EE4A1261CD352005B3C8D /* PBXContainerItemProxy */ = {
			isa = PBXContainerItemProxy;
			containerPortal = 045EE477261CD34E005B3C8D /* Project object */;
			proxyType = 1;
			remoteGlobalIDString = 045EE47E261CD34E005B3C8D;
			remoteInfo = RXSwiftDemoApp;
		};
/* End PBXContainerItemProxy section */

/* Begin PBXFileReference section */
		045EE47F261CD34E005B3C8D /* RXSwiftDemoApp.app */ = {isa = PBXFileReference; explicitFileType = wrapper.application; includeInIndex = 0; path = RXSwiftDemoApp.app; sourceTree = BUILT_PRODUCTS_DIR; };
		045EE482261CD34E005B3C8D /* AppDelegate.swift */ = {isa = PBXFileReference; lastKnownFileType = sourcecode.swift; path = AppDelegate.swift; sourceTree = "<group>"; };
		045EE484261CD34E005B3C8D /* SceneDelegate.swift */ = {isa = PBXFileReference; lastKnownFileType = sourcecode.swift; path = SceneDelegate.swift; sourceTree = "<group>"; };
		045EE486261CD34E005B3C8D /* ProductsViewController.swift */ = {isa = PBXFileReference; lastKnownFileType = sourcecode.swift; path = ProductsViewController.swift; sourceTree = "<group>"; };
		045EE489261CD34E005B3C8D /* Base */ = {isa = PBXFileReference; lastKnownFileType = file.storyboard; name = Base; path = Base.lproj/Main.storyboard; sourceTree = "<group>"; };
		045EE48B261CD351005B3C8D /* Assets.xcassets */ = {isa = PBXFileReference; lastKnownFileType = folder.assetcatalog; path = Assets.xcassets; sourceTree = "<group>"; };
		045EE48E261CD351005B3C8D /* Base */ = {isa = PBXFileReference; lastKnownFileType = file.storyboard; name = Base; path = Base.lproj/LaunchScreen.storyboard; sourceTree = "<group>"; };
		045EE490261CD351005B3C8D /* Info.plist */ = {isa = PBXFileReference; lastKnownFileType = text.plist.xml; path = Info.plist; sourceTree = "<group>"; };
		045EE495261CD352005B3C8D /* RXSwiftDemoAppTests.xctest */ = {isa = PBXFileReference; explicitFileType = wrapper.cfbundle; includeInIndex = 0; path = RXSwiftDemoAppTests.xctest; sourceTree = BUILT_PRODUCTS_DIR; };
		045EE499261CD352005B3C8D /* RXSwiftDemoAppTests.swift */ = {isa = PBXFileReference; lastKnownFileType = sourcecode.swift; path = RXSwiftDemoAppTests.swift; sourceTree = "<group>"; };
		045EE49B261CD352005B3C8D /* Info.plist */ = {isa = PBXFileReference; lastKnownFileType = text.plist.xml; path = Info.plist; sourceTree = "<group>"; };
		045EE4A0261CD352005B3C8D /* RXSwiftDemoAppUITests.xctest */ = {isa = PBXFileReference; explicitFileType = wrapper.cfbundle; includeInIndex = 0; path = RXSwiftDemoAppUITests.xctest; sourceTree = BUILT_PRODUCTS_DIR; };
		045EE4A4261CD352005B3C8D /* RXSwiftDemoAppUITests.swift */ = {isa = PBXFileReference; lastKnownFileType = sourcecode.swift; path = RXSwiftDemoAppUITests.swift; sourceTree = "<group>"; };
		045EE4A6261CD352005B3C8D /* Info.plist */ = {isa = PBXFileReference; lastKnownFileType = text.plist.xml; path = Info.plist; sourceTree = "<group>"; };
		045EE4C4261CD698005B3C8D /* Product.swift */ = {isa = PBXFileReference; lastKnownFileType = sourcecode.swift; path = Product.swift; sourceTree = "<group>"; };
		045EE4CE261CD71C005B3C8D /* ProductViewModel.swift */ = {isa = PBXFileReference; lastKnownFileType = sourcecode.swift; path = ProductViewModel.swift; sourceTree = "<group>"; };
		264225521B1E22E0D1C29801 /* Pods_RXSwiftDemoApp.framework */ = {isa = PBXFileReference; explicitFileType = wrapper.framework; includeInIndex = 0; path = Pods_RXSwiftDemoApp.framework; sourceTree = BUILT_PRODUCTS_DIR; };
		5F965C14F5E3BA19881BB3B3 /* Pods-RXSwiftDemoAppTests.release.xcconfig */ = {isa = PBXFileReference; includeInIndex = 1; lastKnownFileType = text.xcconfig; name = "Pods-RXSwiftDemoAppTests.release.xcconfig"; path = "Target Support Files/Pods-RXSwiftDemoAppTests/Pods-RXSwiftDemoAppTests.release.xcconfig"; sourceTree = "<group>"; };
		8641CE408FFB7F330B28A7DB /* Pods-RXSwiftDemoAppTests.debug.xcconfig */ = {isa = PBXFileReference; includeInIndex = 1; lastKnownFileType = text.xcconfig; name = "Pods-RXSwiftDemoAppTests.debug.xcconfig"; path = "Target Support Files/Pods-RXSwiftDemoAppTests/Pods-RXSwiftDemoAppTests.debug.xcconfig"; sourceTree = "<group>"; };
		9CF788A32088F5ACCF5C0631 /* Pods_RXSwiftDemoApp_RXSwiftDemoAppUITests.framework */ = {isa = PBXFileReference; explicitFileType = wrapper.framework; includeInIndex = 0; path = Pods_RXSwiftDemoApp_RXSwiftDemoAppUITests.framework; sourceTree = BUILT_PRODUCTS_DIR; };
		C10AD551E20AD8E03D5CAA6E /* Pods_RXSwiftDemoAppTests.framework */ = {isa = PBXFileReference; explicitFileType = wrapper.framework; includeInIndex = 0; path = Pods_RXSwiftDemoAppTests.framework; sourceTree = BUILT_PRODUCTS_DIR; };
		C64E51B2597A263160E794E0 /* Pods-RXSwiftDemoApp-RXSwiftDemoAppUITests.debug.xcconfig */ = {isa = PBXFileReference; includeInIndex = 1; lastKnownFileType = text.xcconfig; name = "Pods-RXSwiftDemoApp-RXSwiftDemoAppUITests.debug.xcconfig"; path = "Target Support Files/Pods-RXSwiftDemoApp-RXSwiftDemoAppUITests/Pods-RXSwiftDemoApp-RXSwiftDemoAppUITests.debug.xcconfig"; sourceTree = "<group>"; };
		CBF77650C21269B491E30EEE /* Pods-RXSwiftDemoApp.release.xcconfig */ = {isa = PBXFileReference; includeInIndex = 1; lastKnownFileType = text.xcconfig; name = "Pods-RXSwiftDemoApp.release.xcconfig"; path = "Target Support Files/Pods-RXSwiftDemoApp/Pods-RXSwiftDemoApp.release.xcconfig"; sourceTree = "<group>"; };
		E01FA2AE24CD21921BCDCD6D /* Pods-RXSwiftDemoApp-RXSwiftDemoAppUITests.release.xcconfig */ = {isa = PBXFileReference; includeInIndex = 1; lastKnownFileType = text.xcconfig; name = "Pods-RXSwiftDemoApp-RXSwiftDemoAppUITests.release.xcconfig"; path = "Target Support Files/Pods-RXSwiftDemoApp-RXSwiftDemoAppUITests/Pods-RXSwiftDemoApp-RXSwiftDemoAppUITests.release.xcconfig"; sourceTree = "<group>"; };
		E6A452F6993541318EB3C6DC /* Pods-RXSwiftDemoApp.debug.xcconfig */ = {isa = PBXFileReference; includeInIndex = 1; lastKnownFileType = text.xcconfig; name = "Pods-RXSwiftDemoApp.debug.xcconfig"; path = "Target Support Files/Pods-RXSwiftDemoApp/Pods-RXSwiftDemoApp.debug.xcconfig"; sourceTree = "<group>"; };
/* End PBXFileReference section */

/* Begin PBXFrameworksBuildPhase section */
		045EE47C261CD34E005B3C8D /* Frameworks */ = {
			isa = PBXFrameworksBuildPhase;
			buildActionMask = 2147483647;
			files = (
				826019E05DF95D81A2C1925A /* Pods_RXSwiftDemoApp.framework in Frameworks */,
			);
			runOnlyForDeploymentPostprocessing = 0;
		};
		045EE492261CD352005B3C8D /* Frameworks */ = {
			isa = PBXFrameworksBuildPhase;
			buildActionMask = 2147483647;
			files = (
				AC98ED152EBB655EE09838C8 /* Pods_RXSwiftDemoAppTests.framework in Frameworks */,
			);
			runOnlyForDeploymentPostprocessing = 0;
		};
		045EE49D261CD352005B3C8D /* Frameworks */ = {
			isa = PBXFrameworksBuildPhase;
			buildActionMask = 2147483647;
			files = (
				3153CE4E249B80C32CCEF416 /* Pods_RXSwiftDemoApp_RXSwiftDemoAppUITests.framework in Frameworks */,
			);
			runOnlyForDeploymentPostprocessing = 0;
		};
/* End PBXFrameworksBuildPhase section */

/* Begin PBXGroup section */
		045EE476261CD34E005B3C8D = {
			isa = PBXGroup;
			children = (
				045EE481261CD34E005B3C8D /* RXSwiftDemoApp */,
				045EE498261CD352005B3C8D /* RXSwiftDemoAppTests */,
				045EE4A3261CD352005B3C8D /* RXSwiftDemoAppUITests */,
				045EE480261CD34E005B3C8D /* Products */,
				ED9B46EB9D6A7989DC7303DE /* Pods */,
				ABC46BB1A9C5D28366E88153 /* Frameworks */,
			);
			sourceTree = "<group>";
		};
		045EE480261CD34E005B3C8D /* Products */ = {
			isa = PBXGroup;
			children = (
				045EE47F261CD34E005B3C8D /* RXSwiftDemoApp.app */,
				045EE495261CD352005B3C8D /* RXSwiftDemoAppTests.xctest */,
				045EE4A0261CD352005B3C8D /* RXSwiftDemoAppUITests.xctest */,
			);
			name = Products;
			sourceTree = "<group>";
		};
		045EE481261CD34E005B3C8D /* RXSwiftDemoApp */ = {
			isa = PBXGroup;
			children = (
				045EE4CC261CD6FE005B3C8D /* ViewModel */,
				045EE4C3261CD688005B3C8D /* Model */,
				045EE482261CD34E005B3C8D /* AppDelegate.swift */,
				045EE484261CD34E005B3C8D /* SceneDelegate.swift */,
				045EE486261CD34E005B3C8D /* ProductsViewController.swift */,
				045EE488261CD34E005B3C8D /* Main.storyboard */,
				045EE48B261CD351005B3C8D /* Assets.xcassets */,
				045EE48D261CD351005B3C8D /* LaunchScreen.storyboard */,
				045EE490261CD351005B3C8D /* Info.plist */,
			);
			path = RXSwiftDemoApp;
			sourceTree = "<group>";
		};
		045EE498261CD352005B3C8D /* RXSwiftDemoAppTests */ = {
			isa = PBXGroup;
			children = (
				045EE499261CD352005B3C8D /* RXSwiftDemoAppTests.swift */,
				045EE49B261CD352005B3C8D /* Info.plist */,
			);
			path = RXSwiftDemoAppTests;
			sourceTree = "<group>";
		};
		045EE4A3261CD352005B3C8D /* RXSwiftDemoAppUITests */ = {
			isa = PBXGroup;
			children = (
				045EE4A4261CD352005B3C8D /* RXSwiftDemoAppUITests.swift */,
				045EE4A6261CD352005B3C8D /* Info.plist */,
			);
			path = RXSwiftDemoAppUITests;
			sourceTree = "<group>";
		};
		045EE4C3261CD688005B3C8D /* Model */ = {
			isa = PBXGroup;
			children = (
				045EE4C4261CD698005B3C8D /* Product.swift */,
			);
			path = Model;
			sourceTree = "<group>";
		};
		045EE4CC261CD6FE005B3C8D /* ViewModel */ = {
			isa = PBXGroup;
			children = (
				045EE4CE261CD71C005B3C8D /* ProductViewModel.swift */,
			);
			path = ViewModel;
			sourceTree = "<group>";
		};
		ABC46BB1A9C5D28366E88153 /* Frameworks */ = {
			isa = PBXGroup;
			children = (
				264225521B1E22E0D1C29801 /* Pods_RXSwiftDemoApp.framework */,
				9CF788A32088F5ACCF5C0631 /* Pods_RXSwiftDemoApp_RXSwiftDemoAppUITests.framework */,
				C10AD551E20AD8E03D5CAA6E /* Pods_RXSwiftDemoAppTests.framework */,
			);
			name = Frameworks;
			sourceTree = "<group>";
		};
		ED9B46EB9D6A7989DC7303DE /* Pods */ = {
			isa = PBXGroup;
			children = (
				E6A452F6993541318EB3C6DC /* Pods-RXSwiftDemoApp.debug.xcconfig */,
				CBF77650C21269B491E30EEE /* Pods-RXSwiftDemoApp.release.xcconfig */,
				C64E51B2597A263160E794E0 /* Pods-RXSwiftDemoApp-RXSwiftDemoAppUITests.debug.xcconfig */,
				E01FA2AE24CD21921BCDCD6D /* Pods-RXSwiftDemoApp-RXSwiftDemoAppUITests.release.xcconfig */,
				8641CE408FFB7F330B28A7DB /* Pods-RXSwiftDemoAppTests.debug.xcconfig */,
				5F965C14F5E3BA19881BB3B3 /* Pods-RXSwiftDemoAppTests.release.xcconfig */,
			);
			path = Pods;
			sourceTree = "<group>";
		};
/* End PBXGroup section */

/* Begin PBXNativeTarget section */
		045EE47E261CD34E005B3C8D /* RXSwiftDemoApp */ = {
			isa = PBXNativeTarget;
			buildConfigurationList = 045EE4A9261CD352005B3C8D /* Build configuration list for PBXNativeTarget "RXSwiftDemoApp" */;
			buildPhases = (
				36A19E2AE54C2460B4CB8A57 /* [CP] Check Pods Manifest.lock */,
				045EE47B261CD34E005B3C8D /* Sources */,
				045EE47C261CD34E005B3C8D /* Frameworks */,
				045EE47D261CD34E005B3C8D /* Resources */,
				A271A9A395351F5F98E3F9A7 /* [CP] Embed Pods Frameworks */,
			);
			buildRules = (
			);
			dependencies = (
			);
			name = RXSwiftDemoApp;
			productName = RXSwiftDemoApp;
			productReference = 045EE47F261CD34E005B3C8D /* RXSwiftDemoApp.app */;
			productType = "com.apple.product-type.application";
		};
		045EE494261CD352005B3C8D /* RXSwiftDemoAppTests */ = {
			isa = PBXNativeTarget;
			buildConfigurationList = 045EE4AC261CD352005B3C8D /* Build configuration list for PBXNativeTarget "RXSwiftDemoAppTests" */;
			buildPhases = (
				49B4B5E1058DBF229393A13C /* [CP] Check Pods Manifest.lock */,
				045EE491261CD352005B3C8D /* Sources */,
				045EE492261CD352005B3C8D /* Frameworks */,
				045EE493261CD352005B3C8D /* Resources */,
				B6A4AE8E4CA18D84F7BD2700 /* [CP] Embed Pods Frameworks */,
			);
			buildRules = (
			);
			dependencies = (
				045EE497261CD352005B3C8D /* PBXTargetDependency */,
			);
			name = RXSwiftDemoAppTests;
			productName = RXSwiftDemoAppTests;
			productReference = 045EE495261CD352005B3C8D /* RXSwiftDemoAppTests.xctest */;
			productType = "com.apple.product-type.bundle.unit-test";
		};
		045EE49F261CD352005B3C8D /* RXSwiftDemoAppUITests */ = {
			isa = PBXNativeTarget;
			buildConfigurationList = 045EE4AF261CD352005B3C8D /* Build configuration list for PBXNativeTarget "RXSwiftDemoAppUITests" */;
			buildPhases = (
				C80D1573AC7559C3AE6CE235 /* [CP] Check Pods Manifest.lock */,
				045EE49C261CD352005B3C8D /* Sources */,
				045EE49D261CD352005B3C8D /* Frameworks */,
				045EE49E261CD352005B3C8D /* Resources */,
				07C522D311E01F87A45188FF /* [CP] Embed Pods Frameworks */,
			);
			buildRules = (
			);
			dependencies = (
				045EE4A2261CD352005B3C8D /* PBXTargetDependency */,
			);
			name = RXSwiftDemoAppUITests;
			productName = RXSwiftDemoAppUITests;
			productReference = 045EE4A0261CD352005B3C8D /* RXSwiftDemoAppUITests.xctest */;
			productType = "com.apple.product-type.bundle.ui-testing";
		};
/* End PBXNativeTarget section */

/* Begin PBXProject section */
		045EE477261CD34E005B3C8D /* Project object */ = {
			isa = PBXProject;
			attributes = {
				LastSwiftUpdateCheck = 1240;
				LastUpgradeCheck = 1240;
				TargetAttributes = {
					045EE47E261CD34E005B3C8D = {
						CreatedOnToolsVersion = 12.4;
					};
					045EE494261CD352005B3C8D = {
						CreatedOnToolsVersion = 12.4;
						TestTargetID = 045EE47E261CD34E005B3C8D;
					};
					045EE49F261CD352005B3C8D = {
						CreatedOnToolsVersion = 12.4;
						TestTargetID = 045EE47E261CD34E005B3C8D;
					};
				};
			};
			buildConfigurationList = 045EE47A261CD34E005B3C8D /* Build configuration list for PBXProject "RXSwiftDemoApp" */;
			compatibilityVersion = "Xcode 9.3";
			developmentRegion = en;
			hasScannedForEncodings = 0;
			knownRegions = (
				en,
				Base,
			);
			mainGroup = 045EE476261CD34E005B3C8D;
			productRefGroup = 045EE480261CD34E005B3C8D /* Products */;
			projectDirPath = "";
			projectRoot = "";
			targets = (
				045EE47E261CD34E005B3C8D /* RXSwiftDemoApp */,
				045EE494261CD352005B3C8D /* RXSwiftDemoAppTests */,
				045EE49F261CD352005B3C8D /* RXSwiftDemoAppUITests */,
			);
		};
/* End PBXProject section */

/* Begin PBXResourcesBuildPhase section */
		045EE47D261CD34E005B3C8D /* Resources */ = {
			isa = PBXResourcesBuildPhase;
			buildActionMask = 2147483647;
			files = (
				045EE48F261CD351005B3C8D /* LaunchScreen.storyboard in Resources */,
				045EE48C261CD351005B3C8D /* Assets.xcassets in Resources */,
				045EE48A261CD34E005B3C8D /* Main.storyboard in Resources */,
			);
			runOnlyForDeploymentPostprocessing = 0;
		};
		045EE493261CD352005B3C8D /* Resources */ = {
			isa = PBXResourcesBuildPhase;
			buildActionMask = 2147483647;
			files = (
			);
			runOnlyForDeploymentPostprocessing = 0;
		};
		045EE49E261CD352005B3C8D /* Resources */ = {
			isa = PBXResourcesBuildPhase;
			buildActionMask = 2147483647;
			files = (
			);
			runOnlyForDeploymentPostprocessing = 0;
		};
/* End PBXResourcesBuildPhase section */

/* Begin PBXShellScriptBuildPhase section */
		07C522D311E01F87A45188FF /* [CP] Embed Pods Frameworks */ = {
			isa = PBXShellScriptBuildPhase;
			buildActionMask = 2147483647;
			files = (
			);
			inputFileListPaths = (
				"${PODS_ROOT}/Target Support Files/Pods-RXSwiftDemoApp-RXSwiftDemoAppUITests/Pods-RXSwiftDemoApp-RXSwiftDemoAppUITests-frameworks-${CONFIGURATION}-input-files.xcfilelist",
			);
			name = "[CP] Embed Pods Frameworks";
			outputFileListPaths = (
				"${PODS_ROOT}/Target Support Files/Pods-RXSwiftDemoApp-RXSwiftDemoAppUITests/Pods-RXSwiftDemoApp-RXSwiftDemoAppUITests-frameworks-${CONFIGURATION}-output-files.xcfilelist",
			);
			runOnlyForDeploymentPostprocessing = 0;
			shellPath = /bin/sh;
			shellScript = "\"${PODS_ROOT}/Target Support Files/Pods-RXSwiftDemoApp-RXSwiftDemoAppUITests/Pods-RXSwiftDemoApp-RXSwiftDemoAppUITests-frameworks.sh\"\n";
			showEnvVarsInLog = 0;
		};
		36A19E2AE54C2460B4CB8A57 /* [CP] Check Pods Manifest.lock */ = {
			isa = PBXShellScriptBuildPhase;
			buildActionMask = 2147483647;
			files = (
			);
			inputFileListPaths = (
			);
			inputPaths = (
				"${PODS_PODFILE_DIR_PATH}/Podfile.lock",
				"${PODS_ROOT}/Manifest.lock",
			);
			name = "[CP] Check Pods Manifest.lock";
			outputFileListPaths = (
			);
			outputPaths = (
				"$(DERIVED_FILE_DIR)/Pods-RXSwiftDemoApp-checkManifestLockResult.txt",
			);
			runOnlyForDeploymentPostprocessing = 0;
			shellPath = /bin/sh;
			shellScript = "diff \"${PODS_PODFILE_DIR_PATH}/Podfile.lock\" \"${PODS_ROOT}/Manifest.lock\" > /dev/null\nif [ $? != 0 ] ; then\n    # print error to STDERR\n    echo \"error: The sandbox is not in sync with the Podfile.lock. Run 'pod install' or update your CocoaPods installation.\" >&2\n    exit 1\nfi\n# This output is used by Xcode 'outputs' to avoid re-running this script phase.\necho \"SUCCESS\" > \"${SCRIPT_OUTPUT_FILE_0}\"\n";
			showEnvVarsInLog = 0;
		};
		49B4B5E1058DBF229393A13C /* [CP] Check Pods Manifest.lock */ = {
			isa = PBXShellScriptBuildPhase;
			buildActionMask = 2147483647;
			files = (
			);
			inputFileListPaths = (
			);
			inputPaths = (
				"${PODS_PODFILE_DIR_PATH}/Podfile.lock",
				"${PODS_ROOT}/Manifest.lock",
			);
			name = "[CP] Check Pods Manifest.lock";
			outputFileListPaths = (
			);
			outputPaths = (
				"$(DERIVED_FILE_DIR)/Pods-RXSwiftDemoAppTests-checkManifestLockResult.txt",
			);
			runOnlyForDeploymentPostprocessing = 0;
			shellPath = /bin/sh;
			shellScript = "diff \"${PODS_PODFILE_DIR_PATH}/Podfile.lock\" \"${PODS_ROOT}/Manifest.lock\" > /dev/null\nif [ $? != 0 ] ; then\n    # print error to STDERR\n    echo \"error: The sandbox is not in sync with the Podfile.lock. Run 'pod install' or update your CocoaPods installation.\" >&2\n    exit 1\nfi\n# This output is used by Xcode 'outputs' to avoid re-running this script phase.\necho \"SUCCESS\" > \"${SCRIPT_OUTPUT_FILE_0}\"\n";
			showEnvVarsInLog = 0;
		};
		A271A9A395351F5F98E3F9A7 /* [CP] Embed Pods Frameworks */ = {
			isa = PBXShellScriptBuildPhase;
			buildActionMask = 2147483647;
			files = (
			);
			inputFileListPaths = (
				"${PODS_ROOT}/Target Support Files/Pods-RXSwiftDemoApp/Pods-RXSwiftDemoApp-frameworks-${CONFIGURATION}-input-files.xcfilelist",
			);
			name = "[CP] Embed Pods Frameworks";
			outputFileListPaths = (
				"${PODS_ROOT}/Target Support Files/Pods-RXSwiftDemoApp/Pods-RXSwiftDemoApp-frameworks-${CONFIGURATION}-output-files.xcfilelist",
			);
			runOnlyForDeploymentPostprocessing = 0;
			shellPath = /bin/sh;
			shellScript = "\"${PODS_ROOT}/Target Support Files/Pods-RXSwiftDemoApp/Pods-RXSwiftDemoApp-frameworks.sh\"\n";
			showEnvVarsInLog = 0;
		};
		B6A4AE8E4CA18D84F7BD2700 /* [CP] Embed Pods Frameworks */ = {
			isa = PBXShellScriptBuildPhase;
			buildActionMask = 2147483647;
			files = (
			);
			inputFileListPaths = (
				"${PODS_ROOT}/Target Support Files/Pods-RXSwiftDemoAppTests/Pods-RXSwiftDemoAppTests-frameworks-${CONFIGURATION}-input-files.xcfilelist",
			);
			name = "[CP] Embed Pods Frameworks";
			outputFileListPaths = (
				"${PODS_ROOT}/Target Support Files/Pods-RXSwiftDemoAppTests/Pods-RXSwiftDemoAppTests-frameworks-${CONFIGURATION}-output-files.xcfilelist",
			);
			runOnlyForDeploymentPostprocessing = 0;
			shellPath = /bin/sh;
			shellScript = "\"${PODS_ROOT}/Target Support Files/Pods-RXSwiftDemoAppTests/Pods-RXSwiftDemoAppTests-frameworks.sh\"\n";
			showEnvVarsInLog = 0;
		};
		C80D1573AC7559C3AE6CE235 /* [CP] Check Pods Manifest.lock */ = {
			isa = PBXShellScriptBuildPhase;
			buildActionMask = 2147483647;
			files = (
			);
			inputFileListPaths = (
			);
			inputPaths = (
				"${PODS_PODFILE_DIR_PATH}/Podfile.lock",
				"${PODS_ROOT}/Manifest.lock",
			);
			name = "[CP] Check Pods Manifest.lock";
			outputFileListPaths = (
			);
			outputPaths = (
				"$(DERIVED_FILE_DIR)/Pods-RXSwiftDemoApp-RXSwiftDemoAppUITests-checkManifestLockResult.txt",
			);
			runOnlyForDeploymentPostprocessing = 0;
			shellPath = /bin/sh;
			shellScript = "diff \"${PODS_PODFILE_DIR_PATH}/Podfile.lock\" \"${PODS_ROOT}/Manifest.lock\" > /dev/null\nif [ $? != 0 ] ; then\n    # print error to STDERR\n    echo \"error: The sandbox is not in sync with the Podfile.lock. Run 'pod install' or update your CocoaPods installation.\" >&2\n    exit 1\nfi\n# This output is used by Xcode 'outputs' to avoid re-running this script phase.\necho \"SUCCESS\" > \"${SCRIPT_OUTPUT_FILE_0}\"\n";
			showEnvVarsInLog = 0;
		};
/* End PBXShellScriptBuildPhase section */

/* Begin PBXSourcesBuildPhase section */
		045EE47B261CD34E005B3C8D /* Sources */ = {
			isa = PBXSourcesBuildPhase;
			buildActionMask = 2147483647;
			files = (
				045EE487261CD34E005B3C8D /* ProductsViewController.swift in Sources */,
				045EE483261CD34E005B3C8D /* AppDelegate.swift in Sources */,
				045EE485261CD34E005B3C8D /* SceneDelegate.swift in Sources */,
				045EE4C5261CD698005B3C8D /* Product.swift in Sources */,
				045EE4CF261CD71C005B3C8D /* ProductViewModel.swift in Sources */,
			);
			runOnlyForDeploymentPostprocessing = 0;
		};
		045EE491261CD352005B3C8D /* Sources */ = {
			isa = PBXSourcesBuildPhase;
			buildActionMask = 2147483647;
			files = (
				045EE49A261CD352005B3C8D /* RXSwiftDemoAppTests.swift in Sources */,
			);
			runOnlyForDeploymentPostprocessing = 0;
		};
		045EE49C261CD352005B3C8D /* Sources */ = {
			isa = PBXSourcesBuildPhase;
			buildActionMask = 2147483647;
			files = (
				045EE4A5261CD352005B3C8D /* RXSwiftDemoAppUITests.swift in Sources */,
			);
			runOnlyForDeploymentPostprocessing = 0;
		};
/* End PBXSourcesBuildPhase section */

/* Begin PBXTargetDependency section */
		045EE497261CD352005B3C8D /* PBXTargetDependency */ = {
			isa = PBXTargetDependency;
			target = 045EE47E261CD34E005B3C8D /* RXSwiftDemoApp */;
			targetProxy = 045EE496261CD352005B3C8D /* PBXContainerItemProxy */;
		};
		045EE4A2261CD352005B3C8D /* PBXTargetDependency */ = {
			isa = PBXTargetDependency;
			target = 045EE47E261CD34E005B3C8D /* RXSwiftDemoApp */;
			targetProxy = 045EE4A1261CD352005B3C8D /* PBXContainerItemProxy */;
		};
/* End PBXTargetDependency section */

/* Begin PBXVariantGroup section */
		045EE488261CD34E005B3C8D /* Main.storyboard */ = {
			isa = PBXVariantGroup;
			children = (
				045EE489261CD34E005B3C8D /* Base */,
			);
			name = Main.storyboard;
			sourceTree = "<group>";
		};
		045EE48D261CD351005B3C8D /* LaunchScreen.storyboard */ = {
			isa = PBXVariantGroup;
			children = (
				045EE48E261CD351005B3C8D /* Base */,
			);
			name = LaunchScreen.storyboard;
			sourceTree = "<group>";
		};
/* End PBXVariantGroup section */

/* Begin XCBuildConfiguration section */
		045EE4A7261CD352005B3C8D /* Debug */ = {
			isa = XCBuildConfiguration;
			buildSettings = {
				ALWAYS_SEARCH_USER_PATHS = NO;
				CLANG_ANALYZER_NONNULL = YES;
				CLANG_ANALYZER_NUMBER_OBJECT_CONVERSION = YES_AGGRESSIVE;
				CLANG_CXX_LANGUAGE_STANDARD = "gnu++14";
				CLANG_CXX_LIBRARY = "libc++";
				CLANG_ENABLE_MODULES = YES;
				CLANG_ENABLE_OBJC_ARC = YES;
				CLANG_ENABLE_OBJC_WEAK = YES;
				CLANG_WARN_BLOCK_CAPTURE_AUTORELEASING = YES;
				CLANG_WARN_BOOL_CONVERSION = YES;
				CLANG_WARN_COMMA = YES;
				CLANG_WARN_CONSTANT_CONVERSION = YES;
				CLANG_WARN_DEPRECATED_OBJC_IMPLEMENTATIONS = YES;
				CLANG_WARN_DIRECT_OBJC_ISA_USAGE = YES_ERROR;
				CLANG_WARN_DOCUMENTATION_COMMENTS = YES;
				CLANG_WARN_EMPTY_BODY = YES;
				CLANG_WARN_ENUM_CONVERSION = YES;
				CLANG_WARN_INFINITE_RECURSION = YES;
				CLANG_WARN_INT_CONVERSION = YES;
				CLANG_WARN_NON_LITERAL_NULL_CONVERSION = YES;
				CLANG_WARN_OBJC_IMPLICIT_RETAIN_SELF = YES;
				CLANG_WARN_OBJC_LITERAL_CONVERSION = YES;
				CLANG_WARN_OBJC_ROOT_CLASS = YES_ERROR;
				CLANG_WARN_QUOTED_INCLUDE_IN_FRAMEWORK_HEADER = YES;
				CLANG_WARN_RANGE_LOOP_ANALYSIS = YES;
				CLANG_WARN_STRICT_PROTOTYPES = YES;
				CLANG_WARN_SUSPICIOUS_MOVE = YES;
				CLANG_WARN_UNGUARDED_AVAILABILITY = YES_AGGRESSIVE;
				CLANG_WARN_UNREACHABLE_CODE = YES;
				CLANG_WARN__DUPLICATE_METHOD_MATCH = YES;
				COPY_PHASE_STRIP = NO;
				DEBUG_INFORMATION_FORMAT = dwarf;
				ENABLE_STRICT_OBJC_MSGSEND = YES;
				ENABLE_TESTABILITY = YES;
				GCC_C_LANGUAGE_STANDARD = gnu11;
				GCC_DYNAMIC_NO_PIC = NO;
				GCC_NO_COMMON_BLOCKS = YES;
				GCC_OPTIMIZATION_LEVEL = 0;
				GCC_PREPROCESSOR_DEFINITIONS = (
					"DEBUG=1",
					"$(inherited)",
				);
				GCC_WARN_64_TO_32_BIT_CONVERSION = YES;
				GCC_WARN_ABOUT_RETURN_TYPE = YES_ERROR;
				GCC_WARN_UNDECLARED_SELECTOR = YES;
				GCC_WARN_UNINITIALIZED_AUTOS = YES_AGGRESSIVE;
				GCC_WARN_UNUSED_FUNCTION = YES;
				GCC_WARN_UNUSED_VARIABLE = YES;
				IPHONEOS_DEPLOYMENT_TARGET = 14.4;
				MTL_ENABLE_DEBUG_INFO = INCLUDE_SOURCE;
				MTL_FAST_MATH = YES;
				ONLY_ACTIVE_ARCH = YES;
				SDKROOT = iphoneos;
				SWIFT_ACTIVE_COMPILATION_CONDITIONS = DEBUG;
				SWIFT_OPTIMIZATION_LEVEL = "-Onone";
			};
			name = Debug;
		};
		045EE4A8261CD352005B3C8D /* Release */ = {
			isa = XCBuildConfiguration;
			buildSettings = {
				ALWAYS_SEARCH_USER_PATHS = NO;
				CLANG_ANALYZER_NONNULL = YES;
				CLANG_ANALYZER_NUMBER_OBJECT_CONVERSION = YES_AGGRESSIVE;
				CLANG_CXX_LANGUAGE_STANDARD = "gnu++14";
				CLANG_CXX_LIBRARY = "libc++";
				CLANG_ENABLE_MODULES = YES;
				CLANG_ENABLE_OBJC_ARC = YES;
				CLANG_ENABLE_OBJC_WEAK = YES;
				CLANG_WARN_BLOCK_CAPTURE_AUTORELEASING = YES;
				CLANG_WARN_BOOL_CONVERSION = YES;
				CLANG_WARN_COMMA = YES;
				CLANG_WARN_CONSTANT_CONVERSION = YES;
				CLANG_WARN_DEPRECATED_OBJC_IMPLEMENTATIONS = YES;
				CLANG_WARN_DIRECT_OBJC_ISA_USAGE = YES_ERROR;
				CLANG_WARN_DOCUMENTATION_COMMENTS = YES;
				CLANG_WARN_EMPTY_BODY = YES;
				CLANG_WARN_ENUM_CONVERSION = YES;
				CLANG_WARN_INFINITE_RECURSION = YES;
				CLANG_WARN_INT_CONVERSION = YES;
				CLANG_WARN_NON_LITERAL_NULL_CONVERSION = YES;
				CLANG_WARN_OBJC_IMPLICIT_RETAIN_SELF = YES;
				CLANG_WARN_OBJC_LITERAL_CONVERSION = YES;
				CLANG_WARN_OBJC_ROOT_CLASS = YES_ERROR;
				CLANG_WARN_QUOTED_INCLUDE_IN_FRAMEWORK_HEADER = YES;
				CLANG_WARN_RANGE_LOOP_ANALYSIS = YES;
				CLANG_WARN_STRICT_PROTOTYPES = YES;
				CLANG_WARN_SUSPICIOUS_MOVE = YES;
				CLANG_WARN_UNGUARDED_AVAILABILITY = YES_AGGRESSIVE;
				CLANG_WARN_UNREACHABLE_CODE = YES;
				CLANG_WARN__DUPLICATE_METHOD_MATCH = YES;
				COPY_PHASE_STRIP = NO;
				DEBUG_INFORMATION_FORMAT = "dwarf-with-dsym";
				ENABLE_NS_ASSERTIONS = NO;
				ENABLE_STRICT_OBJC_MSGSEND = YES;
				GCC_C_LANGUAGE_STANDARD = gnu11;
				GCC_NO_COMMON_BLOCKS = YES;
				GCC_WARN_64_TO_32_BIT_CONVERSION = YES;
				GCC_WARN_ABOUT_RETURN_TYPE = YES_ERROR;
				GCC_WARN_UNDECLARED_SELECTOR = YES;
				GCC_WARN_UNINITIALIZED_AUTOS = YES_AGGRESSIVE;
				GCC_WARN_UNUSED_FUNCTION = YES;
				GCC_WARN_UNUSED_VARIABLE = YES;
				IPHONEOS_DEPLOYMENT_TARGET = 14.4;
				MTL_ENABLE_DEBUG_INFO = NO;
				MTL_FAST_MATH = YES;
				SDKROOT = iphoneos;
				SWIFT_COMPILATION_MODE = wholemodule;
				SWIFT_OPTIMIZATION_LEVEL = "-O";
				VALIDATE_PRODUCT = YES;
			};
			name = Release;
		};
		045EE4AA261CD352005B3C8D /* Debug */ = {
			isa = XCBuildConfiguration;
			baseConfigurationReference = E6A452F6993541318EB3C6DC /* Pods-RXSwiftDemoApp.debug.xcconfig */;
			buildSettings = {
				ASSETCATALOG_COMPILER_APPICON_NAME = AppIcon;
				ASSETCATALOG_COMPILER_GLOBAL_ACCENT_COLOR_NAME = AccentColor;
				CODE_SIGN_STYLE = Automatic;
				DEVELOPMENT_TEAM = 6ZPB2R3KP8;
				INFOPLIST_FILE = RXSwiftDemoApp/Info.plist;
				LD_RUNPATH_SEARCH_PATHS = (
					"$(inherited)",
					"@executable_path/Frameworks",
				);
				PRODUCT_BUNDLE_IDENTIFIER = com.waheedcodes.RXSwiftDemoApp;
				PRODUCT_NAME = "$(TARGET_NAME)";
				SWIFT_VERSION = 5.0;
				TARGETED_DEVICE_FAMILY = "1,2";
			};
			name = Debug;
		};
		045EE4AB261CD352005B3C8D /* Release */ = {
			isa = XCBuildConfiguration;
			baseConfigurationReference = CBF77650C21269B491E30EEE /* Pods-RXSwiftDemoApp.release.xcconfig */;
			buildSettings = {
				ASSETCATALOG_COMPILER_APPICON_NAME = AppIcon;
				ASSETCATALOG_COMPILER_GLOBAL_ACCENT_COLOR_NAME = AccentColor;
				CODE_SIGN_STYLE = Automatic;
				DEVELOPMENT_TEAM = 6ZPB2R3KP8;
				INFOPLIST_FILE = RXSwiftDemoApp/Info.plist;
				LD_RUNPATH_SEARCH_PATHS = (
					"$(inherited)",
					"@executable_path/Frameworks",
				);
				PRODUCT_BUNDLE_IDENTIFIER = com.waheedcodes.RXSwiftDemoApp;
				PRODUCT_NAME = "$(TARGET_NAME)";
				SWIFT_VERSION = 5.0;
				TARGETED_DEVICE_FAMILY = "1,2";
			};
			name = Release;
		};
		045EE4AD261CD352005B3C8D /* Debug */ = {
			isa = XCBuildConfiguration;
			baseConfigurationReference = 8641CE408FFB7F330B28A7DB /* Pods-RXSwiftDemoAppTests.debug.xcconfig */;
			buildSettings = {
				ALWAYS_EMBED_SWIFT_STANDARD_LIBRARIES = YES;
				BUNDLE_LOADER = "$(TEST_HOST)";
				CODE_SIGN_STYLE = Automatic;
				DEVELOPMENT_TEAM = 6ZPB2R3KP8;
				INFOPLIST_FILE = RXSwiftDemoAppTests/Info.plist;
				IPHONEOS_DEPLOYMENT_TARGET = 14.4;
				LD_RUNPATH_SEARCH_PATHS = (
					"$(inherited)",
					"@executable_path/Frameworks",
					"@loader_path/Frameworks",
				);
				PRODUCT_BUNDLE_IDENTIFIER = com.waheedcodes.RXSwiftDemoAppTests;
				PRODUCT_NAME = "$(TARGET_NAME)";
				SWIFT_VERSION = 5.0;
				TARGETED_DEVICE_FAMILY = "1,2";
				TEST_HOST = "$(BUILT_PRODUCTS_DIR)/RXSwiftDemoApp.app/RXSwiftDemoApp";
			};
			name = Debug;
		};
		045EE4AE261CD352005B3C8D /* Release */ = {
			isa = XCBuildConfiguration;
			baseConfigurationReference = 5F965C14F5E3BA19881BB3B3 /* Pods-RXSwiftDemoAppTests.release.xcconfig */;
			buildSettings = {
				ALWAYS_EMBED_SWIFT_STANDARD_LIBRARIES = YES;
				BUNDLE_LOADER = "$(TEST_HOST)";
				CODE_SIGN_STYLE = Automatic;
				DEVELOPMENT_TEAM = 6ZPB2R3KP8;
				INFOPLIST_FILE = RXSwiftDemoAppTests/Info.plist;
				IPHONEOS_DEPLOYMENT_TARGET = 14.4;
				LD_RUNPATH_SEARCH_PATHS = (
					"$(inherited)",
					"@executable_path/Frameworks",
					"@loader_path/Frameworks",
				);
				PRODUCT_BUNDLE_IDENTIFIER = com.waheedcodes.RXSwiftDemoAppTests;
				PRODUCT_NAME = "$(TARGET_NAME)";
				SWIFT_VERSION = 5.0;
				TARGETED_DEVICE_FAMILY = "1,2";
				TEST_HOST = "$(BUILT_PRODUCTS_DIR)/RXSwiftDemoApp.app/RXSwiftDemoApp";
			};
			name = Release;
		};
		045EE4B0261CD352005B3C8D /* Debug */ = {
			isa = XCBuildConfiguration;
			baseConfigurationReference = C64E51B2597A263160E794E0 /* Pods-RXSwiftDemoApp-RXSwiftDemoAppUITests.debug.xcconfig */;
			buildSettings = {
				ALWAYS_EMBED_SWIFT_STANDARD_LIBRARIES = YES;
				CODE_SIGN_STYLE = Automatic;
				DEVELOPMENT_TEAM = 6ZPB2R3KP8;
				INFOPLIST_FILE = RXSwiftDemoAppUITests/Info.plist;
				LD_RUNPATH_SEARCH_PATHS = (
					"$(inherited)",
					"@executable_path/Frameworks",
					"@loader_path/Frameworks",
				);
				PRODUCT_BUNDLE_IDENTIFIER = com.waheedcodes.RXSwiftDemoAppUITests;
				PRODUCT_NAME = "$(TARGET_NAME)";
				SWIFT_VERSION = 5.0;
				TARGETED_DEVICE_FAMILY = "1,2";
				TEST_TARGET_NAME = RXSwiftDemoApp;
			};
			name = Debug;
		};
		045EE4B1261CD352005B3C8D /* Release */ = {
			isa = XCBuildConfiguration;
			baseConfigurationReference = E01FA2AE24CD21921BCDCD6D /* Pods-RXSwiftDemoApp-RXSwiftDemoAppUITests.release.xcconfig */;
			buildSettings = {
				ALWAYS_EMBED_SWIFT_STANDARD_LIBRARIES = YES;
				CODE_SIGN_STYLE = Automatic;
				DEVELOPMENT_TEAM = 6ZPB2R3KP8;
				INFOPLIST_FILE = RXSwiftDemoAppUITests/Info.plist;
				LD_RUNPATH_SEARCH_PATHS = (
					"$(inherited)",
					"@executable_path/Frameworks",
					"@loader_path/Frameworks",
				);
				PRODUCT_BUNDLE_IDENTIFIER = com.waheedcodes.RXSwiftDemoAppUITests;
				PRODUCT_NAME = "$(TARGET_NAME)";
				SWIFT_VERSION = 5.0;
				TARGETED_DEVICE_FAMILY = "1,2";
				TEST_TARGET_NAME = RXSwiftDemoApp;
			};
			name = Release;
		};
/* End XCBuildConfiguration section */

/* Begin XCConfigurationList section */
		045EE47A261CD34E005B3C8D /* Build configuration list for PBXProject "RXSwiftDemoApp" */ = {
			isa = XCConfigurationList;
			buildConfigurations = (
				045EE4A7261CD352005B3C8D /* Debug */,
				045EE4A8261CD352005B3C8D /* Release */,
			);
			defaultConfigurationIsVisible = 0;
			defaultConfigurationName = Release;
		};
		045EE4A9261CD352005B3C8D /* Build configuration list for PBXNativeTarget "RXSwiftDemoApp" */ = {
			isa = XCConfigurationList;
			buildConfigurations = (
				045EE4AA261CD352005B3C8D /* Debug */,
				045EE4AB261CD352005B3C8D /* Release */,
			);
			defaultConfigurationIsVisible = 0;
			defaultConfigurationName = Release;
		};
		045EE4AC261CD352005B3C8D /* Build configuration list for PBXNativeTarget "RXSwiftDemoAppTests" */ = {
			isa = XCConfigurationList;
			buildConfigurations = (
				045EE4AD261CD352005B3C8D /* Debug */,
				045EE4AE261CD352005B3C8D /* Release */,
			);
			defaultConfigurationIsVisible = 0;
			defaultConfigurationName = Release;
		};
		045EE4AF261CD352005B3C8D /* Build configuration list for PBXNativeTarget "RXSwiftDemoAppUITests" */ = {
			isa = XCConfigurationList;
			buildConfigurations = (
				045EE4B0261CD352005B3C8D /* Debug */,
				045EE4B1261CD352005B3C8D /* Release */,
			);
			defaultConfigurationIsVisible = 0;
			defaultConfigurationName = Release;
		};
/* End XCConfigurationList section */
	};
	rootObject = 045EE477261CD34E005B3C8D /* Project object */;
}
